
Microsoft Visual Studio Solution File, Format Version 12.00
# Visual Studio Version 17
VisualStudioVersion = 17.7.34024.191
MinimumVisualStudioVersion = 10.0.40219.1
Project("{2150E333-8FDC-42A3-9474-1A3956D46DE8}") = "Core", "Core", "{6C40FB96-6267-452B-9C87-3BC045570B53}"
EndProject
Project("{9A19103F-16F7-4668-BE54-9A1E7A4F7556}") = "IronForgeFitness.Domain", "IronForgeFitness.Domain\IronForgeFitness.Domain.csproj", "{8AEEEA80-BA2D-46C1-8823-709CCA1FA9B8}"
EndProject
Project("{9A19103F-16F7-4668-BE54-9A1E7A4F7556}") = "IronForgeFitness.Application", "IronForgeFitness.Application\IronForgeFitness.Application.csproj", "{D42E10D3-0B70-4222-B270-A7660317DA1E}"
EndProject
Project("{2150E333-8FDC-42A3-9474-1A3956D46DE8}") = "Infrastructure", "Infrastructure", "{9974C64B-5336-4069-9DB9-501604F57B12}"
EndProject
Project("{2150E333-8FDC-42A3-9474-1A3956D46DE8}") = "Tests", "Tests", "{F9C77FB5-6AEF-4F7D-A037-3E0507909B10}"
EndProject
Project("{2150E333-8FDC-42A3-9474-1A3956D46DE8}") = "Presentation", "Presentation", "{16C312A1-F382-4D9A-BAB8-A732CD88D7AB}"
EndProject
Project("{2150E333-8FDC-42A3-9474-1A3956D46DE8}") = "API", "API", "{1ABA8E9E-D31D-4364-81C1-68B211F3AD92}"
EndProject
Project("{9A19103F-16F7-4668-BE54-9A1E7A4F7556}") = "IronForgeFitness.Infrastructure", "IronForgeFitness.Infrastructure\IronForgeFitness.Infrastructure.csproj", "{EC70D808-0A91-4DDC-9A36-A6E22BEE2FD9}"
EndProject
Project("{9A19103F-16F7-4668-BE54-9A1E7A4F7556}") = "IronForgeFitness.API", "IronForgeFitness.API\IronForgeFitness.API.csproj", "{3EFD714A-4BD0-440E-90A2-7025B8E5C84B}"
EndProject
Project("{FAE04EC0-301F-11D3-BF4B-00C04F79EFBC}") = "Application.UnitTests", "Application.UnitTests\Application.UnitTests.csproj", "{72EF8682-4C0E-4A24-A2BB-E0F4F5B1FB6F}"
EndProject
Global
	GlobalSection(SolutionConfigurationPlatforms) = preSolution
		Debug|Any CPU = Debug|Any CPU
		Release|Any CPU = Release|Any CPU
	EndGlobalSection
	GlobalSection(ProjectConfigurationPlatforms) = postSolution
		{8AEEEA80-BA2D-46C1-8823-709CCA1FA9B8}.Debug|Any CPU.ActiveCfg = Debug|Any CPU
		{8AEEEA80-BA2D-46C1-8823-709CCA1FA9B8}.Debug|Any CPU.Build.0 = Debug|Any CPU
		{8AEEEA80-BA2D-46C1-8823-709CCA1FA9B8}.Release|Any CPU.ActiveCfg = Release|Any CPU
		{8AEEEA80-BA2D-46C1-8823-709CCA1FA9B8}.Release|Any CPU.Build.0 = Release|Any CPU
		{D42E10D3-0B70-4222-B270-A7660317DA1E}.Debug|Any CPU.ActiveCfg = Debug|Any CPU
		{D42E10D3-0B70-4222-B270-A7660317DA1E}.Debug|Any CPU.Build.0 = Debug|Any CPU
		{D42E10D3-0B70-4222-B270-A7660317DA1E}.Release|Any CPU.ActiveCfg = Release|Any CPU
		{D42E10D3-0B70-4222-B270-A7660317DA1E}.Release|Any CPU.Build.0 = Release|Any CPU
		{EC70D808-0A91-4DDC-9A36-A6E22BEE2FD9}.Debug|Any CPU.ActiveCfg = Debug|Any CPU
		{EC70D808-0A91-4DDC-9A36-A6E22BEE2FD9}.Debug|Any CPU.Build.0 = Debug|Any CPU
		{EC70D808-0A91-4DDC-9A36-A6E22BEE2FD9}.Release|Any CPU.ActiveCfg = Release|Any CPU
		{EC70D808-0A91-4DDC-9A36-A6E22BEE2FD9}.Release|Any CPU.Build.0 = Release|Any CPU
		{3EFD714A-4BD0-440E-90A2-7025B8E5C84B}.Debug|Any CPU.ActiveCfg = Debug|Any CPU
		{3EFD714A-4BD0-440E-90A2-7025B8E5C84B}.Debug|Any CPU.Build.0 = Debug|Any CPU
		{3EFD714A-4BD0-440E-90A2-7025B8E5C84B}.Release|Any CPU.ActiveCfg = Release|Any CPU
		{3EFD714A-4BD0-440E-90A2-7025B8E5C84B}.Release|Any CPU.Build.0 = Release|Any CPU
		{72EF8682-4C0E-4A24-A2BB-E0F4F5B1FB6F}.Debug|Any CPU.ActiveCfg = Debug|Any CPU
		{72EF8682-4C0E-4A24-A2BB-E0F4F5B1FB6F}.Debug|Any CPU.Build.0 = Debug|Any CPU
		{72EF8682-4C0E-4A24-A2BB-E0F4F5B1FB6F}.Release|Any CPU.ActiveCfg = Release|Any CPU
		{72EF8682-4C0E-4A24-A2BB-E0F4F5B1FB6F}.Release|Any CPU.Build.0 = Release|Any CPU
	EndGlobalSection
	GlobalSection(SolutionProperties) = preSolution
		HideSolutionNode = FALSE
	EndGlobalSection
	GlobalSection(NestedProjects) = preSolution
		{8AEEEA80-BA2D-46C1-8823-709CCA1FA9B8} = {6C40FB96-6267-452B-9C87-3BC045570B53}
		{D42E10D3-0B70-4222-B270-A7660317DA1E} = {6C40FB96-6267-452B-9C87-3BC045570B53}
		{F9C77FB5-6AEF-4F7D-A037-3E0507909B10} = {16C312A1-F382-4D9A-BAB8-A732CD88D7AB}
		{1ABA8E9E-D31D-4364-81C1-68B211F3AD92} = {16C312A1-F382-4D9A-BAB8-A732CD88D7AB}
		{EC70D808-0A91-4DDC-9A36-A6E22BEE2FD9} = {9974C64B-5336-4069-9DB9-501604F57B12}
		{3EFD714A-4BD0-440E-90A2-7025B8E5C84B} = {1ABA8E9E-D31D-4364-81C1-68B211F3AD92}
		{72EF8682-4C0E-4A24-A2BB-E0F4F5B1FB6F} = {F9C77FB5-6AEF-4F7D-A037-3E0507909B10}
	EndGlobalSection
	GlobalSection(ExtensibilityGlobals) = postSolution
		SolutionGuid = {7B082632-9BB3-4E97-AA02-C418F7E4AB42}
	EndGlobalSection
EndGlobal
